
Microsoft Visual Studio Solution File, Format Version 12.00
# Visual Studio Version 16
VisualStudioVersion = 16.0.31624.102
MinimumVisualStudioVersion = 10.0.40219.1
Project("{FAE04EC0-301F-11D3-BF4B-00C04F79EFBC}") = "WiFiPass", "WiFiPass\WiFiPass.csproj", "{1638D30B-30C4-48AE-9869-ACC06F955768}"
EndProject
Global
	GlobalSection(SolutionConfigurationPlatforms) = preSolution
		Debug|Any CPU = Debug|Any CPU
		Release|Any CPU = Release|Any CPU
	EndGlobalSection
	GlobalSection(ProjectConfigurationPlatforms) = postSolution
		{1638D30B-30C4-48AE-9869-ACC06F955768}.Debug|Any CPU.ActiveCfg = Debug|Any CPU
		{1638D30B-30C4-48AE-9869-ACC06F955768}.Debug|Any CPU.Build.0 = Debug|Any CPU
		{1638D30B-30C4-48AE-9869-ACC06F955768}.Release|Any CPU.ActiveCfg = Release|Any CPU
		{1638D30B-30C4-48AE-9869-ACC06F955768}.Release|Any CPU.Build.0 = Release|Any CPU
	EndGlobalSection
	GlobalSection(SolutionProperties) = preSolution
		HideSolutionNode = FALSE
	EndGlobalSection
	GlobalSection(ExtensibilityGlobals) = postSolution
		SolutionGuid = {8AAFECB9-6460-4A4A-BAE7-EC9886576ED1}
	EndGlobalSection
EndGlobal
